
Microsoft Visual Studio Solution File, Format Version 12.00
# Visual Studio Version 16
VisualStudioVersion = 16.0.31112.23
MinimumVisualStudioVersion = 10.0.40219.1
Project("{9A19103F-16F7-4668-BE54-9A1E7A4F7556}") = "BlazorWebApp", "BlazorWebApp\BlazorWebApp.csproj", "{88F8A61C-A0C7-4610-A3F9-6C242DB52D26}"
EndProject
Project("{FAE04EC0-301F-11D3-BF4B-00C04F79EFBC}") = "MyAPI1", "MyAPI1\MyAPI1.csproj", "{AAFA9DF0-E15B-4E2D-AD80-EA0F18C1DD67}"
EndProject
Project("{FAE04EC0-301F-11D3-BF4B-00C04F79EFBC}") = "MyAPI2", "MyAPI2\MyAPI2.csproj", "{5A032BDD-FC8C-473D-A6DD-D731D426493F}"
EndProject
Project("{FAE04EC0-301F-11D3-BF4B-00C04F79EFBC}") = "MyAPI3", "MyAPI3\MyAPI3.csproj", "{FD9AFEBE-63DF-4AE0-859E-857FD8BAC898}"
EndProject
Global
	GlobalSection(SolutionConfigurationPlatforms) = preSolution
		Debug|Any CPU = Debug|Any CPU
		Release|Any CPU = Release|Any CPU
	EndGlobalSection
	GlobalSection(ProjectConfigurationPlatforms) = postSolution
		{88F8A61C-A0C7-4610-A3F9-6C242DB52D26}.Debug|Any CPU.ActiveCfg = Debug|Any CPU
		{88F8A61C-A0C7-4610-A3F9-6C242DB52D26}.Debug|Any CPU.Build.0 = Debug|Any CPU
		{88F8A61C-A0C7-4610-A3F9-6C242DB52D26}.Release|Any CPU.ActiveCfg = Release|Any CPU
		{88F8A61C-A0C7-4610-A3F9-6C242DB52D26}.Release|Any CPU.Build.0 = Release|Any CPU
		{AAFA9DF0-E15B-4E2D-AD80-EA0F18C1DD67}.Debug|Any CPU.ActiveCfg = Debug|Any CPU
		{AAFA9DF0-E15B-4E2D-AD80-EA0F18C1DD67}.Debug|Any CPU.Build.0 = Debug|Any CPU
		{AAFA9DF0-E15B-4E2D-AD80-EA0F18C1DD67}.Release|Any CPU.ActiveCfg = Release|Any CPU
		{AAFA9DF0-E15B-4E2D-AD80-EA0F18C1DD67}.Release|Any CPU.Build.0 = Release|Any CPU
		{5A032BDD-FC8C-473D-A6DD-D731D426493F}.Debug|Any CPU.ActiveCfg = Debug|Any CPU
		{5A032BDD-FC8C-473D-A6DD-D731D426493F}.Debug|Any CPU.Build.0 = Debug|Any CPU
		{5A032BDD-FC8C-473D-A6DD-D731D426493F}.Release|Any CPU.ActiveCfg = Release|Any CPU
		{5A032BDD-FC8C-473D-A6DD-D731D426493F}.Release|Any CPU.Build.0 = Release|Any CPU
		{FD9AFEBE-63DF-4AE0-859E-857FD8BAC898}.Debug|Any CPU.ActiveCfg = Debug|Any CPU
		{FD9AFEBE-63DF-4AE0-859E-857FD8BAC898}.Debug|Any CPU.Build.0 = Debug|Any CPU
		{FD9AFEBE-63DF-4AE0-859E-857FD8BAC898}.Release|Any CPU.ActiveCfg = Release|Any CPU
		{FD9AFEBE-63DF-4AE0-859E-857FD8BAC898}.Release|Any CPU.Build.0 = Release|Any CPU
	EndGlobalSection
	GlobalSection(SolutionProperties) = preSolution
		HideSolutionNode = FALSE
	EndGlobalSection
	GlobalSection(ExtensibilityGlobals) = postSolution
		SolutionGuid = {15B782E3-E676-47B6-A06D-D11F06EC0323}
	EndGlobalSection
EndGlobal
